{
  "name": "dns-tester",
  "version": "1.0.0",
  "lockfileVersion": 1,
  "requires": true,
  "dependencies": {
    "await-timeout": {
      "version": "0.2.0",
      "resolved": "https://registry.npmjs.org/await-timeout/-/await-timeout-0.2.0.tgz",
      "integrity": "sha512-HEQ8yQdcpHOKv0FBYGV89hBNP6utrduz2u1pMx8DbcY0sBaUvWUop2VC+dlgk1iEMkYKoG4SwsRL+LuLd2aZ9g=="
    }
  }
}
